{
  "name": "smile",
  "lockfileVersion": 2,
  "requires": true,
  "packages": {
    "": {
      "dependencies": {
        "emoji-toolkit": "^7.0.0",
        "emojis-list": "^3.0.0"
      }
    },
    "node_modules/emoji-toolkit": {
      "version": "7.0.0",
      "resolved": "https://registry.npmjs.org/emoji-toolkit/-/emoji-toolkit-7.0.0.tgz",
      "integrity": "sha512-swoVbGlR/cyJ2ysrw1+axjRkEHAlH0myhbK1ybkv8zR6r9KpL4vzb96m3Y2j0hixUKj1Nb8YBQbk3ihB+XkpBw=="
    },
    "node_modules/emojis-list": {
      "version": "3.0.0",
      "resolved": "https://registry.npmjs.org/emojis-list/-/emojis-list-3.0.0.tgz",
      "integrity": "sha512-/kyM18EfinwXZbno9FyUGeFh87KC8HRQBQGildHZbEuRyWFOmv1U10o9BBp8XVZDVNNuQKyIGIu5ZYAAXJ0V2Q==",
      "engines": {
        "node": ">= 4"
      }
    }
  },
  "dependencies": {
    "emoji-toolkit": {
      "version": "7.0.0",
      "resolved": "https://registry.npmjs.org/emoji-toolkit/-/emoji-toolkit-7.0.0.tgz",
      "integrity": "sha512-swoVbGlR/cyJ2ysrw1+axjRkEHAlH0myhbK1ybkv8zR6r9KpL4vzb96m3Y2j0hixUKj1Nb8YBQbk3ihB+XkpBw=="
    },
    "emojis-list": {
      "version": "3.0.0",
      "resolved": "https://registry.npmjs.org/emojis-list/-/emojis-list-3.0.0.tgz",
      "integrity": "sha512-/kyM18EfinwXZbno9FyUGeFh87KC8HRQBQGildHZbEuRyWFOmv1U10o9BBp8XVZDVNNuQKyIGIu5ZYAAXJ0V2Q=="
    }
  }
}
